// !$*UTF8*$!
{
	archiveVersion = 1;
	classes = {
	};
	objectVersion = 46;
	objects = {

/* Begin PBXBuildFile section */
		86A1B4C71EEADD6D00BF1947 /* AppDelegate.swift in Sources */ = {isa = PBXBuildFile; fileRef = 86A1B4C61EEADD6D00BF1947 /* AppDelegate.swift */; };
		86A1B4C91EEADD6D00BF1947 /* ViewController.swift in Sources */ = {isa = PBXBuildFile; fileRef = 86A1B4C81EEADD6D00BF1947 /* ViewController.swift */; };
		86A1B4CC1EEADD6D00BF1947 /* Main.storyboard in Resources */ = {isa = PBXBuildFile; fileRef = 86A1B4CA1EEADD6D00BF1947 /* Main.storyboard */; };
		86A1B4CE1EEADD6D00BF1947 /* Assets.xcassets in Resources */ = {isa = PBXBuildFile; fileRef = 86A1B4CD1EEADD6D00BF1947 /* Assets.xcassets */; };
		86A1B4D11EEADD6D00BF1947 /* LaunchScreen.storyboard in Resources */ = {isa = PBXBuildFile; fileRef = 86A1B4CF1EEADD6D00BF1947 /* LaunchScreen.storyboard */; };
		B2A4548920C054F400827568 /* QuovoConnectSDK.framework in Frameworks */ = {isa = PBXBuildFile; fileRef = B2A4548820C054F400827568 /* QuovoConnectSDK.framework */; };
		B2A4548B20C0554400827568 /* QuovoConnectSDK.framework in Embed Frameworks */ = {isa = PBXBuildFile; fileRef = B2A4548820C054F400827568 /* QuovoConnectSDK.framework */; settings = {ATTRIBUTES = (CodeSignOnCopy, RemoveHeadersOnCopy, ); }; };
/* End PBXBuildFile section */

/* Begin PBXCopyFilesBuildPhase section */
		B2A4548C20C0554400827568 /* Embed Frameworks */ = {
			isa = PBXCopyFilesBuildPhase;
			buildActionMask = 2147483647;
			dstPath = "";
			dstSubfolderSpec = 10;
			files = (
				B2A4548B20C0554400827568 /* QuovoConnectSDK.framework in Embed Frameworks */,
			);
			name = "Embed Frameworks";
			runOnlyForDeploymentPostprocessing = 0;
		};
/* End PBXCopyFilesBuildPhase section */

/* Begin PBXFileReference section */
		86A1B4C31EEADD6D00BF1947 /* QuovoConnectTestProject.app */ = {isa = PBXFileReference; explicitFileType = wrapper.application; includeInIndex = 0; path = QuovoConnectTestProject.app; sourceTree = BUILT_PRODUCTS_DIR; };
		86A1B4C61EEADD6D00BF1947 /* AppDelegate.swift */ = {isa = PBXFileReference; lastKnownFileType = sourcecode.swift; path = AppDelegate.swift; sourceTree = "<group>"; };
		86A1B4C81EEADD6D00BF1947 /* ViewController.swift */ = {isa = PBXFileReference; lastKnownFileType = sourcecode.swift; path = ViewController.swift; sourceTree = "<group>"; };
		86A1B4CB1EEADD6D00BF1947 /* Base */ = {isa = PBXFileReference; lastKnownFileType = file.storyboard; name = Base; path = Base.lproj/Main.storyboard; sourceTree = "<group>"; };
		86A1B4CD1EEADD6D00BF1947 /* Assets.xcassets */ = {isa = PBXFileReference; lastKnownFileType = folder.assetcatalog; path = Assets.xcassets; sourceTree = "<group>"; };
		86A1B4D01EEADD6D00BF1947 /* Base */ = {isa = PBXFileReference; lastKnownFileType = file.storyboard; name = Base; path = Base.lproj/LaunchScreen.storyboard; sourceTree = "<group>"; };
		86A1B4D21EEADD6D00BF1947 /* Info.plist */ = {isa = PBXFileReference; lastKnownFileType = text.plist.xml; path = Info.plist; sourceTree = "<group>"; };
		B2A4548820C054F400827568 /* QuovoConnectSDK.framework */ = {isa = PBXFileReference; lastKnownFileType = wrapper.framework; path = QuovoConnectSDK.framework; sourceTree = "<group>"; };
/* End PBXFileReference section */

/* Begin PBXFrameworksBuildPhase section */
		86A1B4C01EEADD6D00BF1947 /* Frameworks */ = {
			isa = PBXFrameworksBuildPhase;
			buildActionMask = 2147483647;
			files = (
				B2A4548920C054F400827568 /* QuovoConnectSDK.framework in Frameworks */,
			);
			runOnlyForDeploymentPostprocessing = 0;
		};
/* End PBXFrameworksBuildPhase section */

/* Begin PBXGroup section */
		86A1B4BA1EEADD6D00BF1947 = {
			isa = PBXGroup;
			children = (
				B2A4548820C054F400827568 /* QuovoConnectSDK.framework */,
				86A1B4C51EEADD6D00BF1947 /* QuovoConnectTestProject */,
				86A1B4C41EEADD6D00BF1947 /* Products */,
			);
			sourceTree = "<group>";
		};
		86A1B4C41EEADD6D00BF1947 /* Products */ = {
			isa = PBXGroup;
			children = (
				86A1B4C31EEADD6D00BF1947 /* QuovoConnectTestProject.app */,
			);
			name = Products;
			sourceTree = "<group>";
		};
		86A1B4C51EEADD6D00BF1947 /* QuovoConnectTestProject */ = {
			isa = PBXGroup;
			children = (
				86A1B4C61EEADD6D00BF1947 /* AppDelegate.swift */,
				86A1B4C81EEADD6D00BF1947 /* ViewController.swift */,
				86A1B4CA1EEADD6D00BF1947 /* Main.storyboard */,
				86A1B4CD1EEADD6D00BF1947 /* Assets.xcassets */,
				86A1B4CF1EEADD6D00BF1947 /* LaunchScreen.storyboard */,
				86A1B4D21EEADD6D00BF1947 /* Info.plist */,
			);
			path = QuovoConnectTestProject;
			sourceTree = "<group>";
		};
/* End PBXGroup section */

/* Begin PBXNativeTarget section */
		86A1B4C21EEADD6D00BF1947 /* QuovoConnectTestProject */ = {
			isa = PBXNativeTarget;
			buildConfigurationList = 86A1B4D51EEADD6D00BF1947 /* Build configuration list for PBXNativeTarget "QuovoConnectTestProject" */;
			buildPhases = (
				86A1B4BF1EEADD6D00BF1947 /* Sources */,
				86A1B4C01EEADD6D00BF1947 /* Frameworks */,
				86A1B4C11EEADD6D00BF1947 /* Resources */,
				B2A4548C20C0554400827568 /* Embed Frameworks */,
			);
			buildRules = (
			);
			dependencies = (
			);
			name = QuovoConnectTestProject;
			productName = QuovoConnectTestProject;
			productReference = 86A1B4C31EEADD6D00BF1947 /* QuovoConnectTestProject.app */;
			productType = "com.apple.product-type.application";
		};
/* End PBXNativeTarget section */

/* Begin PBXProject section */
		86A1B4BB1EEADD6D00BF1947 /* Project object */ = {
			isa = PBXProject;
			attributes = {
				LastSwiftUpdateCheck = 0830;
				LastUpgradeCheck = 0830;
				ORGANIZATIONNAME = Quovo;
				TargetAttributes = {
					86A1B4C21EEADD6D00BF1947 = {
						CreatedOnToolsVersion = 8.3.2;
						DevelopmentTeam = B953VH7H7S;
						LastSwiftMigration = 0930;
						ProvisioningStyle = Automatic;
					};
				};
			};
			buildConfigurationList = 86A1B4BE1EEADD6D00BF1947 /* Build configuration list for PBXProject "QuovoConnectTestProject" */;
			compatibilityVersion = "Xcode 3.2";
			developmentRegion = English;
			hasScannedForEncodings = 0;
			knownRegions = (
				en,
				Base,
			);
			mainGroup = 86A1B4BA1EEADD6D00BF1947;
			productRefGroup = 86A1B4C41EEADD6D00BF1947 /* Products */;
			projectDirPath = "";
			projectRoot = "";
			targets = (
				86A1B4C21EEADD6D00BF1947 /* QuovoConnectTestProject */,
			);
		};
/* End PBXProject section */

/* Begin PBXResourcesBuildPhase section */
		86A1B4C11EEADD6D00BF1947 /* Resources */ = {
			isa = PBXResourcesBuildPhase;
			buildActionMask = 2147483647;
			files = (
				86A1B4D11EEADD6D00BF1947 /* LaunchScreen.storyboard in Resources */,
				86A1B4CE1EEADD6D00BF1947 /* Assets.xcassets in Resources */,
				86A1B4CC1EEADD6D00BF1947 /* Main.storyboard in Resources */,
			);
			runOnlyForDeploymentPostprocessing = 0;
		};
/* End PBXResourcesBuildPhase section */

/* Begin PBXSourcesBuildPhase section */
		86A1B4BF1EEADD6D00BF1947 /* Sources */ = {
			isa = PBXSourcesBuildPhase;
			buildActionMask = 2147483647;
			files = (
				86A1B4C91EEADD6D00BF1947 /* ViewController.swift in Sources */,
				86A1B4C71EEADD6D00BF1947 /* AppDelegate.swift in Sources */,
			);
			runOnlyForDeploymentPostprocessing = 0;
		};
/* End PBXSourcesBuildPhase section */

/* Begin PBXVariantGroup section */
		86A1B4CA1EEADD6D00BF1947 /* Main.storyboard */ = {
			isa = PBXVariantGroup;
			children = (
				86A1B4CB1EEADD6D00BF1947 /* Base */,
			);
			name = Main.storyboard;
			sourceTree = "<group>";
		};
		86A1B4CF1EEADD6D00BF1947 /* LaunchScreen.storyboard */ = {
			isa = PBXVariantGroup;
			children = (
				86A1B4D01EEADD6D00BF1947 /* Base */,
			);
			name = LaunchScreen.storyboard;
			sourceTree = "<group>";
		};
/* End PBXVariantGroup section */

/* Begin XCBuildConfiguration section */
		86A1B4D31EEADD6D00BF1947 /* Debug */ = {
			isa = XCBuildConfiguration;
			buildSettings = {
				ALWAYS_SEARCH_USER_PATHS = NO;
				CLANG_ANALYZER_NONNULL = YES;
				CLANG_ANALYZER_NUMBER_OBJECT_CONVERSION = YES_AGGRESSIVE;
				CLANG_CXX_LANGUAGE_STANDARD = "gnu++0x";
				CLANG_CXX_LIBRARY = "libc++";
				CLANG_ENABLE_MODULES = YES;
				CLANG_ENABLE_OBJC_ARC = YES;
				CLANG_WARN_BOOL_CONVERSION = YES;
				CLANG_WARN_CONSTANT_CONVERSION = YES;
				CLANG_WARN_DIRECT_OBJC_ISA_USAGE = YES_ERROR;
				CLANG_WARN_DOCUMENTATION_COMMENTS = YES;
				CLANG_WARN_EMPTY_BODY = YES;
				CLANG_WARN_ENUM_CONVERSION = YES;
				CLANG_WARN_INFINITE_RECURSION = YES;
				CLANG_WARN_INT_CONVERSION = YES;
				CLANG_WARN_OBJC_ROOT_CLASS = YES_ERROR;
				CLANG_WARN_SUSPICIOUS_MOVE = YES;
				CLANG_WARN_UNREACHABLE_CODE = YES;
				CLANG_WARN__DUPLICATE_METHOD_MATCH = YES;
				"CODE_SIGN_IDENTITY[sdk=iphoneos*]" = "iPhone Developer";
				COPY_PHASE_STRIP = NO;
				DEBUG_INFORMATION_FORMAT = dwarf;
				ENABLE_STRICT_OBJC_MSGSEND = YES;
				ENABLE_TESTABILITY = YES;
				GCC_C_LANGUAGE_STANDARD = gnu99;
				GCC_DYNAMIC_NO_PIC = NO;
				GCC_NO_COMMON_BLOCKS = YES;
				GCC_OPTIMIZATION_LEVEL = 0;
				GCC_PREPROCESSOR_DEFINITIONS = (
					"DEBUG=1",
					"$(inherited)",
				);
				GCC_WARN_64_TO_32_BIT_CONVERSION = YES;
				GCC_WARN_ABOUT_RETURN_TYPE = YES_ERROR;
				GCC_WARN_UNDECLARED_SELECTOR = YES;
				GCC_WARN_UNINITIALIZED_AUTOS = YES_AGGRESSIVE;
				GCC_WARN_UNUSED_FUNCTION = YES;
				GCC_WARN_UNUSED_VARIABLE = YES;
				IPHONEOS_DEPLOYMENT_TARGET = 10.3;
				MTL_ENABLE_DEBUG_INFO = YES;
				ONLY_ACTIVE_ARCH = YES;
				SDKROOT = iphoneos;
				SWIFT_ACTIVE_COMPILATION_CONDITIONS = DEBUG;
				SWIFT_OPTIMIZATION_LEVEL = "-Onone";
				TARGETED_DEVICE_FAMILY = "1,2";
			};
			name = Debug;
		};
		86A1B4D41EEADD6D00BF1947 /* Release */ = {
			isa = XCBuildConfiguration;
			buildSettings = {
				ALWAYS_SEARCH_USER_PATHS = NO;
				CLANG_ANALYZER_NONNULL = YES;
				CLANG_ANALYZER_NUMBER_OBJECT_CONVERSION = YES_AGGRESSIVE;
				CLANG_CXX_LANGUAGE_STANDARD = "gnu++0x";
				CLANG_CXX_LIBRARY = "libc++";
				CLANG_ENABLE_MODULES = YES;
				CLANG_ENABLE_OBJC_ARC = YES;
				CLANG_WARN_BOOL_CONVERSION = YES;
				CLANG_WARN_CONSTANT_CONVERSION = YES;
				CLANG_WARN_DIRECT_OBJC_ISA_USAGE = YES_ERROR;
				CLANG_WARN_DOCUMENTATION_COMMENTS = YES;
				CLANG_WARN_EMPTY_BODY = YES;
				CLANG_WARN_ENUM_CONVERSION = YES;
				CLANG_WARN_INFINITE_RECURSION = YES;
				CLANG_WARN_INT_CONVERSION = YES;
				CLANG_WARN_OBJC_ROOT_CLASS = YES_ERROR;
				CLANG_WARN_SUSPICIOUS_MOVE = YES;
				CLANG_WARN_UNREACHABLE_CODE = YES;
				CLANG_WARN__DUPLICATE_METHOD_MATCH = YES;
				"CODE_SIGN_IDENTITY[sdk=iphoneos*]" = "iPhone Developer";
				COPY_PHASE_STRIP = NO;
				DEBUG_INFORMATION_FORMAT = "dwarf-with-dsym";
				ENABLE_NS_ASSERTIONS = NO;
				ENABLE_STRICT_OBJC_MSGSEND = YES;
				GCC_C_LANGUAGE_STANDARD = gnu99;
				GCC_NO_COMMON_BLOCKS = YES;
				GCC_WARN_64_TO_32_BIT_CONVERSION = YES;
				GCC_WARN_ABOUT_RETURN_TYPE = YES_ERROR;
				GCC_WARN_UNDECLARED_SELECTOR = YES;
				GCC_WARN_UNINITIALIZED_AUTOS = YES_AGGRESSIVE;
				GCC_WARN_UNUSED_FUNCTION = YES;
				GCC_WARN_UNUSED_VARIABLE = YES;
				IPHONEOS_DEPLOYMENT_TARGET = 10.3;
				MTL_ENABLE_DEBUG_INFO = NO;
				SDKROOT = iphoneos;
				SWIFT_OPTIMIZATION_LEVEL = "-Owholemodule";
				TARGETED_DEVICE_FAMILY = "1,2";
				VALIDATE_PRODUCT = YES;
			};
			name = Release;
		};
		86A1B4D61EEADD6D00BF1947 /* Debug */ = {
			isa = XCBuildConfiguration;
			buildSettings = {
				ASSETCATALOG_COMPILER_APPICON_NAME = AppIcon;
				DEVELOPMENT_TEAM = B953VH7H7S;
				FRAMEWORK_SEARCH_PATHS = (
					"$(inherited)",
					"$(PROJECT_DIR)",
				);
				INFOPLIST_FILE = QuovoConnectTestProject/Info.plist;
				LD_RUNPATH_SEARCH_PATHS = "$(inherited) @executable_path/Frameworks";
				PRODUCT_BUNDLE_IDENTIFIER = com.quovo.QuovoConnectTestProject;
				PRODUCT_NAME = "$(TARGET_NAME)";
				SWIFT_SWIFT3_OBJC_INFERENCE = On;
				SWIFT_VERSION = 4.0;
			};
			name = Debug;
		};
		86A1B4D71EEADD6D00BF1947 /* Release */ = {
			isa = XCBuildConfiguration;
			buildSettings = {
				ASSETCATALOG_COMPILER_APPICON_NAME = AppIcon;
				DEVELOPMENT_TEAM = B953VH7H7S;
				FRAMEWORK_SEARCH_PATHS = (
					"$(inherited)",
					"$(PROJECT_DIR)",
				);
				INFOPLIST_FILE = QuovoConnectTestProject/Info.plist;
				LD_RUNPATH_SEARCH_PATHS = "$(inherited) @executable_path/Frameworks";
				PRODUCT_BUNDLE_IDENTIFIER = com.quovo.QuovoConnectTestProject;
				PRODUCT_NAME = "$(TARGET_NAME)";
				SWIFT_SWIFT3_OBJC_INFERENCE = On;
				SWIFT_VERSION = 4.0;
			};
			name = Release;
		};
/* End XCBuildConfiguration section */

/* Begin XCConfigurationList section */
		86A1B4BE1EEADD6D00BF1947 /* Build configuration list for PBXProject "QuovoConnectTestProject" */ = {
			isa = XCConfigurationList;
			buildConfigurations = (
				86A1B4D31EEADD6D00BF1947 /* Debug */,
				86A1B4D41EEADD6D00BF1947 /* Release */,
			);
			defaultConfigurationIsVisible = 0;
			defaultConfigurationName = Release;
		};
		86A1B4D51EEADD6D00BF1947 /* Build configuration list for PBXNativeTarget "QuovoConnectTestProject" */ = {
			isa = XCConfigurationList;
			buildConfigurations = (
				86A1B4D61EEADD6D00BF1947 /* Debug */,
				86A1B4D71EEADD6D00BF1947 /* Release */,
			);
			defaultConfigurationIsVisible = 0;
			defaultConfigurationName = Release;
		};
/* End XCConfigurationList section */
	};
	rootObject = 86A1B4BB1EEADD6D00BF1947 /* Project object */;
}
